// !$*UTF8*$!
{
	archiveVersion = 1;
	classes = {
	};
	objectVersion = 60;
	objects = {

/* Begin PBXBuildFile section */
		3020422C2FAA5E6200A1DCA4 /* AppLinks.swift in Sources */ = {isa = PBXBuildFile; fileRef = 302041FC2FAA5E6200A1DCA4 /* AppLinks.swift */; };
		3020422D2FAA5E6200A1DCA4 /* LearningModels.swift in Sources */ = {isa = PBXBuildFile; fileRef = 302041FE2FAA5E6200A1DCA4 /* LearningModels.swift */; };
		3020422E2FAA5E6200A1DCA4 /* AppStorage.swift in Sources */ = {isa = PBXBuildFile; fileRef = 302042002FAA5E6200A1DCA4 /* AppStorage.swift */; };
		3020422F2FAA5E6200A1DCA4 /* AppColors.swift in Sources */ = {isa = PBXBuildFile; fileRef = 302042022FAA5E6200A1DCA4 /* AppColors.swift */; };
		302042302FAA5E6200A1DCA4 /* AppComponents.swift in Sources */ = {isa = PBXBuildFile; fileRef = 302042042FAA5E6200A1DCA4 /* AppComponents.swift */; };
		302042312FAA5E6200A1DCA4 /* AppIllustrations.swift in Sources */ = {isa = PBXBuildFile; fileRef = 302042052FAA5E6200A1DCA4 /* AppIllustrations.swift */; };
		302042322FAA5E6200A1DCA4 /* FlashcardFlexView.swift in Sources */ = {isa = PBXBuildFile; fileRef = 302042082FAA5E6200A1DCA4 /* FlashcardFlexView.swift */; };
		302042332FAA5E6200A1DCA4 /* FlashcardFlexViewModel.swift in Sources */ = {isa = PBXBuildFile; fileRef = 302042092FAA5E6200A1DCA4 /* FlashcardFlexViewModel.swift */; };
		302042342FAA5E6200A1DCA4 /* KnowledgeGapsView.swift in Sources */ = {isa = PBXBuildFile; fileRef = 3020420A2FAA5E6200A1DCA4 /* KnowledgeGapsView.swift */; };
		302042352FAA5E6200A1DCA4 /* KnowledgeGapsViewModel.swift in Sources */ = {isa = PBXBuildFile; fileRef = 3020420B2FAA5E6200A1DCA4 /* KnowledgeGapsViewModel.swift */; };
		302042362FAA5E6200A1DCA4 /* QuizQuestView.swift in Sources */ = {isa = PBXBuildFile; fileRef = 3020420C2FAA5E6200A1DCA4 /* QuizQuestView.swift */; };
		302042372FAA5E6200A1DCA4 /* QuizQuestViewModel.swift in Sources */ = {isa = PBXBuildFile; fileRef = 3020420D2FAA5E6200A1DCA4 /* QuizQuestViewModel.swift */; };
		302042382FAA5E6200A1DCA4 /* LearnHomeView.swift in Sources */ = {isa = PBXBuildFile; fileRef = 3020420F2FAA5E6200A1DCA4 /* LearnHomeView.swift */; };
		302042392FAA5E6200A1DCA4 /* LearningCardsView.swift in Sources */ = {isa = PBXBuildFile; fileRef = 302042102FAA5E6200A1DCA4 /* LearningCardsView.swift */; };
		3020423A2FAA5E6200A1DCA4 /* LearningCardsViewModel.swift in Sources */ = {isa = PBXBuildFile; fileRef = 302042112FAA5E6200A1DCA4 /* LearningCardsViewModel.swift */; };
		3020423B2FAA5E6200A1DCA4 /* LearnViewModel.swift in Sources */ = {isa = PBXBuildFile; fileRef = 302042122FAA5E6200A1DCA4 /* LearnViewModel.swift */; };
		3020423C2FAA5E6200A1DCA4 /* MainTabContainerView.swift in Sources */ = {isa = PBXBuildFile; fileRef = 302042142FAA5E6200A1DCA4 /* MainTabContainerView.swift */; };
		3020423D2FAA5E6200A1DCA4 /* OnboardingFlowView.swift in Sources */ = {isa = PBXBuildFile; fileRef = 302042162FAA5E6200A1DCA4 /* OnboardingFlowView.swift */; };
		3020423E2FAA5E6200A1DCA4 /* PracticeHubView.swift in Sources */ = {isa = PBXBuildFile; fileRef = 302042182FAA5E6200A1DCA4 /* PracticeHubView.swift */; };
		3020423F2FAA5E6200A1DCA4 /* ProgressDashboardView.swift in Sources */ = {isa = PBXBuildFile; fileRef = 3020421A2FAA5E6200A1DCA4 /* ProgressDashboardView.swift */; };
		302042402FAA5E6200A1DCA4 /* CompletionResultView.swift in Sources */ = {isa = PBXBuildFile; fileRef = 3020421C2FAA5E6200A1DCA4 /* CompletionResultView.swift */; };
		302042412FAA5E6200A1DCA4 /* SettingsView.swift in Sources */ = {isa = PBXBuildFile; fileRef = 3020421E2FAA5E6200A1DCA4 /* SettingsView.swift */; };
		302042422FAA5E6200A1DCA4 /* AppDelegate.swift in Sources */ = {isa = PBXBuildFile; fileRef = 302042212FAA5E6200A1DCA4 /* AppDelegate.swift */; };
		302042432FAA5E6200A1DCA4 /* ContentView.swift in Sources */ = {isa = PBXBuildFile; fileRef = 302042232FAA5E6200A1DCA4 /* ContentView.swift */; };
		302042442FAA5E6200A1DCA4 /* SceneDelegate.swift in Sources */ = {isa = PBXBuildFile; fileRef = 302042292FAA5E6200A1DCA4 /* SceneDelegate.swift */; };
		302042452FAA5E6200A1DCA4 /* ViewController.swift in Sources */ = {isa = PBXBuildFile; fileRef = 3020422A2FAA5E6200A1DCA4 /* ViewController.swift */; };
		302042462FAA5E6200A1DCA4 /* Assets.xcassets in Resources */ = {isa = PBXBuildFile; fileRef = 302042222FAA5E6200A1DCA4 /* Assets.xcassets */; };
		302042482FAA5E6200A1DCA4 /* LaunchScreen.storyboard in Resources */ = {isa = PBXBuildFile; fileRef = 302042262FAA5E6200A1DCA4 /* LaunchScreen.storyboard */; };
		302042492FAA5E6200A1DCA4 /* Main.storyboard in Resources */ = {isa = PBXBuildFile; fileRef = 302042282FAA5E6200A1DCA4 /* Main.storyboard */; };
		30696AF12FADD9C600EF45FD /* AppsFlyerLib-Static in Frameworks */ = {isa = PBXBuildFile; productRef = 30696AF02FADD9C600EF45FD /* AppsFlyerLib-Static */; };
		30696AF42FADD9F600EF45FD /* FirebaseMessaging in Frameworks */ = {isa = PBXBuildFile; productRef = 30696AF32FADD9F600EF45FD /* FirebaseMessaging */; };
		30696B002FADDA7900EF45FD /* NotificationServiceExtension.appex in Embed Foundation Extensions */ = {isa = PBXBuildFile; fileRef = 30696AF92FADDA7900EF45FD /* NotificationServiceExtension.appex */; settings = {ATTRIBUTES = (RemoveHeadersOnCopy, ); }; };
		30696B072FADDA8B00EF45FD /* FirebaseMessaging in Frameworks */ = {isa = PBXBuildFile; productRef = 30696B062FADDA8B00EF45FD /* FirebaseMessaging */; };
		30696B162FADDA9A00EF45FD /* ConfigManager.swift in Sources */ = {isa = PBXBuildFile; fileRef = 30696B092FADDA9A00EF45FD /* ConfigManager.swift */; };
		30696B172FADDA9A00EF45FD /* AppsFlyerManager.swift in Sources */ = {isa = PBXBuildFile; fileRef = 30696B082FADDA9A00EF45FD /* AppsFlyerManager.swift */; };
		30696B182FADDA9A00EF45FD /* WebviewVC.swift in Sources */ = {isa = PBXBuildFile; fileRef = 30696B142FADDA9A00EF45FD /* WebviewVC.swift */; };
		30696B192FADDA9A00EF45FD /* PushNotificationURLRouter.swift in Sources */ = {isa = PBXBuildFile; fileRef = 30696B122FADDA9A00EF45FD /* PushNotificationURLRouter.swift */; };
		30696B1A2FADDA9A00EF45FD /* NetworkAvailability.swift in Sources */ = {isa = PBXBuildFile; fileRef = 30696B0D2FADDA9A00EF45FD /* NetworkAvailability.swift */; };
		30696B1B2FADDA9A00EF45FD /* LoadingView.swift in Sources */ = {isa = PBXBuildFile; fileRef = 30696B0B2FADDA9A00EF45FD /* LoadingView.swift */; };
		30696B1C2FADDA9A00EF45FD /* NotificationPermissionViewController.swift in Sources */ = {isa = PBXBuildFile; fileRef = 30696B112FADDA9A00EF45FD /* NotificationPermissionViewController.swift */; };
		30696B1D2FADDA9A00EF45FD /* LoadingManager.swift in Sources */ = {isa = PBXBuildFile; fileRef = 30696B0A2FADDA9A00EF45FD /* LoadingManager.swift */; };
		30696B1E2FADDA9A00EF45FD /* LoadingViewController.swift in Sources */ = {isa = PBXBuildFile; fileRef = 30696B0C2FADDA9A00EF45FD /* LoadingViewController.swift */; };
		30696B1F2FADDA9A00EF45FD /* UserAgentBuilder.swift in Sources */ = {isa = PBXBuildFile; fileRef = 30696B132FADDA9A00EF45FD /* UserAgentBuilder.swift */; };
		30696B202FADDA9A00EF45FD /* NoInternetView.swift in Sources */ = {isa = PBXBuildFile; fileRef = 30696B0E2FADDA9A00EF45FD /* NoInternetView.swift */; };
		30696B212FADDA9A00EF45FD /* NotificationPermissionManager.swift in Sources */ = {isa = PBXBuildFile; fileRef = 30696B0F2FADDA9A00EF45FD /* NotificationPermissionManager.swift */; };
		30696B222FADDA9A00EF45FD /* NotificationPermissionView.swift in Sources */ = {isa = PBXBuildFile; fileRef = 30696B102FADDA9A00EF45FD /* NotificationPermissionView.swift */; };
		30696B272FADDAF800EF45FD /* NotificationService.swift in Sources */ = {isa = PBXBuildFile; fileRef = 30696B252FADDAF800EF45FD /* NotificationService.swift */; };
		30697F772FB30B6300EF45FD /* GoogleService-Info.plist in Resources */ = {isa = PBXBuildFile; fileRef = 30697F762FB30B6300EF45FD /* GoogleService-Info.plist */; };
/* End PBXBuildFile section */

/* Begin PBXContainerItemProxy section */
		30696AFE2FADDA7900EF45FD /* PBXContainerItemProxy */ = {
			isa = PBXContainerItemProxy;
			containerPortal = 3020403F2FA9D1C600A1DCA4 /* Project object */;
			proxyType = 1;
			remoteGlobalIDString = 30696AF82FADDA7900EF45FD;
			remoteInfo = NotificationServiceExtension;
		};
/* End PBXContainerItemProxy section */

/* Begin PBXCopyFilesBuildPhase section */
		30696B052FADDA7900EF45FD /* Embed Foundation Extensions */ = {
			isa = PBXCopyFilesBuildPhase;
			buildActionMask = 2147483647;
			dstPath = "";
			dstSubfolderSpec = 13;
			files = (
				30696B002FADDA7900EF45FD /* NotificationServiceExtension.appex in Embed Foundation Extensions */,
			);
			name = "Embed Foundation Extensions";
			runOnlyForDeploymentPostprocessing = 0;
		};
/* End PBXCopyFilesBuildPhase section */

/* Begin PBXFileReference section */
		302040472FA9D1C600A1DCA4 /* 157RilguxilGranslextro.app */ = {isa = PBXFileReference; explicitFileType = wrapper.application; includeInIndex = 0; path = 157RilguxilGranslextro.app; sourceTree = BUILT_PRODUCTS_DIR; };
		302041FC2FAA5E6200A1DCA4 /* AppLinks.swift */ = {isa = PBXFileReference; lastKnownFileType = sourcecode.swift; path = AppLinks.swift; sourceTree = "<group>"; };
		302041FE2FAA5E6200A1DCA4 /* LearningModels.swift */ = {isa = PBXFileReference; lastKnownFileType = sourcecode.swift; path = LearningModels.swift; sourceTree = "<group>"; };
		302042002FAA5E6200A1DCA4 /* AppStorage.swift */ = {isa = PBXFileReference; lastKnownFileType = sourcecode.swift; path = AppStorage.swift; sourceTree = "<group>"; };
		302042022FAA5E6200A1DCA4 /* AppColors.swift */ = {isa = PBXFileReference; lastKnownFileType = sourcecode.swift; path = AppColors.swift; sourceTree = "<group>"; };
		302042042FAA5E6200A1DCA4 /* AppComponents.swift */ = {isa = PBXFileReference; lastKnownFileType = sourcecode.swift; path = AppComponents.swift; sourceTree = "<group>"; };
		302042052FAA5E6200A1DCA4 /* AppIllustrations.swift */ = {isa = PBXFileReference; lastKnownFileType = sourcecode.swift; path = AppIllustrations.swift; sourceTree = "<group>"; };
		302042082FAA5E6200A1DCA4 /* FlashcardFlexView.swift */ = {isa = PBXFileReference; lastKnownFileType = sourcecode.swift; path = FlashcardFlexView.swift; sourceTree = "<group>"; };
		302042092FAA5E6200A1DCA4 /* FlashcardFlexViewModel.swift */ = {isa = PBXFileReference; lastKnownFileType = sourcecode.swift; path = FlashcardFlexViewModel.swift; sourceTree = "<group>"; };
		3020420A2FAA5E6200A1DCA4 /* KnowledgeGapsView.swift */ = {isa = PBXFileReference; lastKnownFileType = sourcecode.swift; path = KnowledgeGapsView.swift; sourceTree = "<group>"; };
		3020420B2FAA5E6200A1DCA4 /* KnowledgeGapsViewModel.swift */ = {isa = PBXFileReference; lastKnownFileType = sourcecode.swift; path = KnowledgeGapsViewModel.swift; sourceTree = "<group>"; };
		3020420C2FAA5E6200A1DCA4 /* QuizQuestView.swift */ = {isa = PBXFileReference; lastKnownFileType = sourcecode.swift; path = QuizQuestView.swift; sourceTree = "<group>"; };
		3020420D2FAA5E6200A1DCA4 /* QuizQuestViewModel.swift */ = {isa = PBXFileReference; lastKnownFileType = sourcecode.swift; path = QuizQuestViewModel.swift; sourceTree = "<group>"; };
		3020420F2FAA5E6200A1DCA4 /* LearnHomeView.swift */ = {isa = PBXFileReference; lastKnownFileType = sourcecode.swift; path = LearnHomeView.swift; sourceTree = "<group>"; };
		302042102FAA5E6200A1DCA4 /* LearningCardsView.swift */ = {isa = PBXFileReference; lastKnownFileType = sourcecode.swift; path = LearningCardsView.swift; sourceTree = "<group>"; };
		302042112FAA5E6200A1DCA4 /* LearningCardsViewModel.swift */ = {isa = PBXFileReference; lastKnownFileType = sourcecode.swift; path = LearningCardsViewModel.swift; sourceTree = "<group>"; };
		302042122FAA5E6200A1DCA4 /* LearnViewModel.swift */ = {isa = PBXFileReference; lastKnownFileType = sourcecode.swift; path = LearnViewModel.swift; sourceTree = "<group>"; };
		302042142FAA5E6200A1DCA4 /* MainTabContainerView.swift */ = {isa = PBXFileReference; lastKnownFileType = sourcecode.swift; path = MainTabContainerView.swift; sourceTree = "<group>"; };
		302042162FAA5E6200A1DCA4 /* OnboardingFlowView.swift */ = {isa = PBXFileReference; lastKnownFileType = sourcecode.swift; path = OnboardingFlowView.swift; sourceTree = "<group>"; };
		302042182FAA5E6200A1DCA4 /* PracticeHubView.swift */ = {isa = PBXFileReference; lastKnownFileType = sourcecode.swift; path = PracticeHubView.swift; sourceTree = "<group>"; };
		3020421A2FAA5E6200A1DCA4 /* ProgressDashboardView.swift */ = {isa = PBXFileReference; lastKnownFileType = sourcecode.swift; path = ProgressDashboardView.swift; sourceTree = "<group>"; };
		3020421C2FAA5E6200A1DCA4 /* CompletionResultView.swift */ = {isa = PBXFileReference; lastKnownFileType = sourcecode.swift; path = CompletionResultView.swift; sourceTree = "<group>"; };
		3020421E2FAA5E6200A1DCA4 /* SettingsView.swift */ = {isa = PBXFileReference; lastKnownFileType = sourcecode.swift; path = SettingsView.swift; sourceTree = "<group>"; };
		302042212FAA5E6200A1DCA4 /* AppDelegate.swift */ = {isa = PBXFileReference; lastKnownFileType = sourcecode.swift; path = AppDelegate.swift; sourceTree = "<group>"; };
		302042222FAA5E6200A1DCA4 /* Assets.xcassets */ = {isa = PBXFileReference; lastKnownFileType = folder.assetcatalog; path = Assets.xcassets; sourceTree = "<group>"; };
		302042232FAA5E6200A1DCA4 /* ContentView.swift */ = {isa = PBXFileReference; lastKnownFileType = sourcecode.swift; path = ContentView.swift; sourceTree = "<group>"; };
		302042242FAA5E6200A1DCA4 /* Info.plist */ = {isa = PBXFileReference; lastKnownFileType = text.plist.xml; path = Info.plist; sourceTree = "<group>"; };
		302042252FAA5E6200A1DCA4 /* Base */ = {isa = PBXFileReference; lastKnownFileType = file.storyboard; name = Base; path = Base.lproj/LaunchScreen.storyboard; sourceTree = "<group>"; };
		302042272FAA5E6200A1DCA4 /* Base */ = {isa = PBXFileReference; lastKnownFileType = file.storyboard; name = Base; path = Base.lproj/Main.storyboard; sourceTree = "<group>"; };
		302042292FAA5E6200A1DCA4 /* SceneDelegate.swift */ = {isa = PBXFileReference; lastKnownFileType = sourcecode.swift; path = SceneDelegate.swift; sourceTree = "<group>"; };
		3020422A2FAA5E6200A1DCA4 /* ViewController.swift */ = {isa = PBXFileReference; lastKnownFileType = sourcecode.swift; path = ViewController.swift; sourceTree = "<group>"; };
		30696AF92FADDA7900EF45FD /* NotificationServiceExtension.appex */ = {isa = PBXFileReference; explicitFileType = "wrapper.app-extension"; includeInIndex = 0; path = NotificationServiceExtension.appex; sourceTree = BUILT_PRODUCTS_DIR; };
		30696B082FADDA9A00EF45FD /* AppsFlyerManager.swift */ = {isa = PBXFileReference; lastKnownFileType = sourcecode.swift; path = AppsFlyerManager.swift; sourceTree = "<group>"; };
		30696B092FADDA9A00EF45FD /* ConfigManager.swift */ = {isa = PBXFileReference; lastKnownFileType = sourcecode.swift; path = ConfigManager.swift; sourceTree = "<group>"; };
		30696B0A2FADDA9A00EF45FD /* LoadingManager.swift */ = {isa = PBXFileReference; lastKnownFileType = sourcecode.swift; path = LoadingManager.swift; sourceTree = "<group>"; };
		30696B0B2FADDA9A00EF45FD /* LoadingView.swift */ = {isa = PBXFileReference; lastKnownFileType = sourcecode.swift; path = LoadingView.swift; sourceTree = "<group>"; };
		30696B0C2FADDA9A00EF45FD /* LoadingViewController.swift */ = {isa = PBXFileReference; lastKnownFileType = sourcecode.swift; path = LoadingViewController.swift; sourceTree = "<group>"; };
		30696B0D2FADDA9A00EF45FD /* NetworkAvailability.swift */ = {isa = PBXFileReference; lastKnownFileType = sourcecode.swift; path = NetworkAvailability.swift; sourceTree = "<group>"; };
		30696B0E2FADDA9A00EF45FD /* NoInternetView.swift */ = {isa = PBXFileReference; lastKnownFileType = sourcecode.swift; path = NoInternetView.swift; sourceTree = "<group>"; };
		30696B0F2FADDA9A00EF45FD /* NotificationPermissionManager.swift */ = {isa = PBXFileReference; lastKnownFileType = sourcecode.swift; path = NotificationPermissionManager.swift; sourceTree = "<group>"; };
		30696B102FADDA9A00EF45FD /* NotificationPermissionView.swift */ = {isa = PBXFileReference; lastKnownFileType = sourcecode.swift; path = NotificationPermissionView.swift; sourceTree = "<group>"; };
		30696B112FADDA9A00EF45FD /* NotificationPermissionViewController.swift */ = {isa = PBXFileReference; lastKnownFileType = sourcecode.swift; path = NotificationPermissionViewController.swift; sourceTree = "<group>"; };
		30696B122FADDA9A00EF45FD /* PushNotificationURLRouter.swift */ = {isa = PBXFileReference; lastKnownFileType = sourcecode.swift; path = PushNotificationURLRouter.swift; sourceTree = "<group>"; };
		30696B132FADDA9A00EF45FD /* UserAgentBuilder.swift */ = {isa = PBXFileReference; lastKnownFileType = sourcecode.swift; path = UserAgentBuilder.swift; sourceTree = "<group>"; };
		30696B142FADDA9A00EF45FD /* WebviewVC.swift */ = {isa = PBXFileReference; lastKnownFileType = sourcecode.swift; path = WebviewVC.swift; sourceTree = "<group>"; };
		30696B232FADDACD00EF45FD /* 157RilguxilGranslextro.entitlements */ = {isa = PBXFileReference; lastKnownFileType = text.plist.entitlements; path = 157RilguxilGranslextro.entitlements; sourceTree = "<group>"; };
		30696B242FADDAF800EF45FD /* Info.plist */ = {isa = PBXFileReference; lastKnownFileType = text.plist.xml; path = Info.plist; sourceTree = "<group>"; };
		30696B252FADDAF800EF45FD /* NotificationService.swift */ = {isa = PBXFileReference; lastKnownFileType = sourcecode.swift; path = NotificationService.swift; sourceTree = "<group>"; };
		30697F762FB30B6300EF45FD /* GoogleService-Info.plist */ = {isa = PBXFileReference; lastKnownFileType = text.plist.xml; path = "GoogleService-Info.plist"; sourceTree = "<group>"; };
		328F4B85C2EE18D8982FFE93 /* Pods_157RilguxilGranslextro.framework */ = {isa = PBXFileReference; explicitFileType = wrapper.framework; includeInIndex = 0; path = Pods_157RilguxilGranslextro.framework; sourceTree = BUILT_PRODUCTS_DIR; };
		415C33D65AC9604454AC80D9 /* Pods-157RilguxilGranslextro.debug.xcconfig */ = {isa = PBXFileReference; includeInIndex = 1; lastKnownFileType = text.xcconfig; name = "Pods-157RilguxilGranslextro.debug.xcconfig"; path = "Target Support Files/Pods-157RilguxilGranslextro/Pods-157RilguxilGranslextro.debug.xcconfig"; sourceTree = "<group>"; };
		555732784033547067D242AC /* Pods-157RilguxilGranslextro.release.xcconfig */ = {isa = PBXFileReference; includeInIndex = 1; lastKnownFileType = text.xcconfig; name = "Pods-157RilguxilGranslextro.release.xcconfig"; path = "Target Support Files/Pods-157RilguxilGranslextro/Pods-157RilguxilGranslextro.release.xcconfig"; sourceTree = "<group>"; };
/* End PBXFileReference section */

/* Begin PBXFrameworksBuildPhase section */
		302040442FA9D1C600A1DCA4 /* Frameworks */ = {
			isa = PBXFrameworksBuildPhase;
			buildActionMask = 2147483647;
			files = (
				30696AF42FADD9F600EF45FD /* FirebaseMessaging in Frameworks */,
				30696AF12FADD9C600EF45FD /* AppsFlyerLib-Static in Frameworks */,
			);
			runOnlyForDeploymentPostprocessing = 0;
		};
		30696AF62FADDA7900EF45FD /* Frameworks */ = {
			isa = PBXFrameworksBuildPhase;
			buildActionMask = 2147483647;
			files = (
				30696B072FADDA8B00EF45FD /* FirebaseMessaging in Frameworks */,
			);
			runOnlyForDeploymentPostprocessing = 0;
		};
/* End PBXFrameworksBuildPhase section */

/* Begin PBXGroup section */
		3020403E2FA9D1C600A1DCA4 = {
			isa = PBXGroup;
			children = (
				3020422B2FAA5E6200A1DCA4 /* 157RilguxilGranslextro */,
				30696B262FADDAF800EF45FD /* NotificationServiceExtension */,
				302040482FA9D1C600A1DCA4 /* Products */,
				458EAEF188822979F7F6822E /* Pods */,
				5B90BFCC6116298E075957B2 /* Frameworks */,
			);
			sourceTree = "<group>";
		};
		302040482FA9D1C600A1DCA4 /* Products */ = {
			isa = PBXGroup;
			children = (
				302040472FA9D1C600A1DCA4 /* 157RilguxilGranslextro.app */,
				30696AF92FADDA7900EF45FD /* NotificationServiceExtension.appex */,
			);
			name = Products;
			sourceTree = "<group>";
		};
		302041FD2FAA5E6200A1DCA4 /* Constants */ = {
			isa = PBXGroup;
			children = (
				302041FC2FAA5E6200A1DCA4 /* AppLinks.swift */,
			);
			path = Constants;
			sourceTree = "<group>";
		};
		302041FF2FAA5E6200A1DCA4 /* Models */ = {
			isa = PBXGroup;
			children = (
				302041FE2FAA5E6200A1DCA4 /* LearningModels.swift */,
			);
			path = Models;
			sourceTree = "<group>";
		};
		302042012FAA5E6200A1DCA4 /* Persistence */ = {
			isa = PBXGroup;
			children = (
				302042002FAA5E6200A1DCA4 /* AppStorage.swift */,
			);
			path = Persistence;
			sourceTree = "<group>";
		};
		302042032FAA5E6200A1DCA4 /* Theme */ = {
			isa = PBXGroup;
			children = (
				302042022FAA5E6200A1DCA4 /* AppColors.swift */,
			);
			path = Theme;
			sourceTree = "<group>";
		};
		302042062FAA5E6200A1DCA4 /* UI */ = {
			isa = PBXGroup;
			children = (
				302042042FAA5E6200A1DCA4 /* AppComponents.swift */,
				302042052FAA5E6200A1DCA4 /* AppIllustrations.swift */,
			);
			path = UI;
			sourceTree = "<group>";
		};
		302042072FAA5E6200A1DCA4 /* Core */ = {
			isa = PBXGroup;
			children = (
				302041FD2FAA5E6200A1DCA4 /* Constants */,
				302041FF2FAA5E6200A1DCA4 /* Models */,
				302042012FAA5E6200A1DCA4 /* Persistence */,
				302042032FAA5E6200A1DCA4 /* Theme */,
				302042062FAA5E6200A1DCA4 /* UI */,
			);
			path = Core;
			sourceTree = "<group>";
		};
		3020420E2FAA5E6200A1DCA4 /* Activities */ = {
			isa = PBXGroup;
			children = (
				302042082FAA5E6200A1DCA4 /* FlashcardFlexView.swift */,
				302042092FAA5E6200A1DCA4 /* FlashcardFlexViewModel.swift */,
				3020420A2FAA5E6200A1DCA4 /* KnowledgeGapsView.swift */,
				3020420B2FAA5E6200A1DCA4 /* KnowledgeGapsViewModel.swift */,
				3020420C2FAA5E6200A1DCA4 /* QuizQuestView.swift */,
				3020420D2FAA5E6200A1DCA4 /* QuizQuestViewModel.swift */,
			);
			path = Activities;
			sourceTree = "<group>";
		};
		302042132FAA5E6200A1DCA4 /* Learn */ = {
			isa = PBXGroup;
			children = (
				3020420F2FAA5E6200A1DCA4 /* LearnHomeView.swift */,
				302042102FAA5E6200A1DCA4 /* LearningCardsView.swift */,
				302042112FAA5E6200A1DCA4 /* LearningCardsViewModel.swift */,
				302042122FAA5E6200A1DCA4 /* LearnViewModel.swift */,
			);
			path = Learn;
			sourceTree = "<group>";
		};
		302042152FAA5E6200A1DCA4 /* Main */ = {
			isa = PBXGroup;
			children = (
				302042142FAA5E6200A1DCA4 /* MainTabContainerView.swift */,
			);
			path = Main;
			sourceTree = "<group>";
		};
		302042172FAA5E6200A1DCA4 /* Onboarding */ = {
			isa = PBXGroup;
			children = (
				302042162FAA5E6200A1DCA4 /* OnboardingFlowView.swift */,
			);
			path = Onboarding;
			sourceTree = "<group>";
		};
		302042192FAA5E6200A1DCA4 /* Practice */ = {
			isa = PBXGroup;
			children = (
				302042182FAA5E6200A1DCA4 /* PracticeHubView.swift */,
			);
			path = Practice;
			sourceTree = "<group>";
		};
		3020421B2FAA5E6200A1DCA4 /* Progress */ = {
			isa = PBXGroup;
			children = (
				3020421A2FAA5E6200A1DCA4 /* ProgressDashboardView.swift */,
			);
			path = Progress;
			sourceTree = "<group>";
		};
		3020421D2FAA5E6200A1DCA4 /* Results */ = {
			isa = PBXGroup;
			children = (
				3020421C2FAA5E6200A1DCA4 /* CompletionResultView.swift */,
			);
			path = Results;
			sourceTree = "<group>";
		};
		3020421F2FAA5E6200A1DCA4 /* Settings */ = {
			isa = PBXGroup;
			children = (
				3020421E2FAA5E6200A1DCA4 /* SettingsView.swift */,
			);
			path = Settings;
			sourceTree = "<group>";
		};
		302042202FAA5E6200A1DCA4 /* Features */ = {
			isa = PBXGroup;
			children = (
				3020420E2FAA5E6200A1DCA4 /* Activities */,
				302042132FAA5E6200A1DCA4 /* Learn */,
				302042152FAA5E6200A1DCA4 /* Main */,
				302042172FAA5E6200A1DCA4 /* Onboarding */,
				302042192FAA5E6200A1DCA4 /* Practice */,
				3020421B2FAA5E6200A1DCA4 /* Progress */,
				3020421D2FAA5E6200A1DCA4 /* Results */,
				3020421F2FAA5E6200A1DCA4 /* Settings */,
			);
			path = Features;
			sourceTree = "<group>";
		};
		3020422B2FAA5E6200A1DCA4 /* 157RilguxilGranslextro */ = {
			isa = PBXGroup;
			children = (
				30696B232FADDACD00EF45FD /* 157RilguxilGranslextro.entitlements */,
				302042072FAA5E6200A1DCA4 /* Core */,
				302042202FAA5E6200A1DCA4 /* Features */,
				302042212FAA5E6200A1DCA4 /* AppDelegate.swift */,
				302042222FAA5E6200A1DCA4 /* Assets.xcassets */,
				302042232FAA5E6200A1DCA4 /* ContentView.swift */,
				302042242FAA5E6200A1DCA4 /* Info.plist */,
				302042262FAA5E6200A1DCA4 /* LaunchScreen.storyboard */,
				302042282FAA5E6200A1DCA4 /* Main.storyboard */,
				302042292FAA5E6200A1DCA4 /* SceneDelegate.swift */,
				3020422A2FAA5E6200A1DCA4 /* ViewController.swift */,
				30696B152FADDA9A00EF45FD /* Loading */,
				30697F762FB30B6300EF45FD /* GoogleService-Info.plist */,
			);
			path = 157RilguxilGranslextro;
			sourceTree = "<group>";
		};
		30696B152FADDA9A00EF45FD /* Loading */ = {
			isa = PBXGroup;
			children = (
				30696B082FADDA9A00EF45FD /* AppsFlyerManager.swift */,
				30696B092FADDA9A00EF45FD /* ConfigManager.swift */,
				30696B0A2FADDA9A00EF45FD /* LoadingManager.swift */,
				30696B0B2FADDA9A00EF45FD /* LoadingView.swift */,
				30696B0C2FADDA9A00EF45FD /* LoadingViewController.swift */,
				30696B0D2FADDA9A00EF45FD /* NetworkAvailability.swift */,
				30696B0E2FADDA9A00EF45FD /* NoInternetView.swift */,
				30696B0F2FADDA9A00EF45FD /* NotificationPermissionManager.swift */,
				30696B102FADDA9A00EF45FD /* NotificationPermissionView.swift */,
				30696B112FADDA9A00EF45FD /* NotificationPermissionViewController.swift */,
				30696B122FADDA9A00EF45FD /* PushNotificationURLRouter.swift */,
				30696B132FADDA9A00EF45FD /* UserAgentBuilder.swift */,
				30696B142FADDA9A00EF45FD /* WebviewVC.swift */,
			);
			path = Loading;
			sourceTree = "<group>";
		};
		30696B262FADDAF800EF45FD /* NotificationServiceExtension */ = {
			isa = PBXGroup;
			children = (
				30696B242FADDAF800EF45FD /* Info.plist */,
				30696B252FADDAF800EF45FD /* NotificationService.swift */,
			);
			path = NotificationServiceExtension;
			sourceTree = "<group>";
		};
		458EAEF188822979F7F6822E /* Pods */ = {
			isa = PBXGroup;
			children = (
				415C33D65AC9604454AC80D9 /* Pods-157RilguxilGranslextro.debug.xcconfig */,
				555732784033547067D242AC /* Pods-157RilguxilGranslextro.release.xcconfig */,
			);
			path = Pods;
			sourceTree = "<group>";
		};
		5B90BFCC6116298E075957B2 /* Frameworks */ = {
			isa = PBXGroup;
			children = (
				328F4B85C2EE18D8982FFE93 /* Pods_157RilguxilGranslextro.framework */,
			);
			name = Frameworks;
			sourceTree = "<group>";
		};
/* End PBXGroup section */

/* Begin PBXNativeTarget section */
		302040462FA9D1C600A1DCA4 /* 157RilguxilGranslextro */ = {
			isa = PBXNativeTarget;
			buildConfigurationList = 3020405A2FA9D1C800A1DCA4 /* Build configuration list for PBXNativeTarget "157RilguxilGranslextro" */;
			buildPhases = (
				BAB452DF1410B98583613845 /* [CP] Check Pods Manifest.lock */,
				302040432FA9D1C600A1DCA4 /* Sources */,
				302040442FA9D1C600A1DCA4 /* Frameworks */,
				302040452FA9D1C600A1DCA4 /* Resources */,
				30696B052FADDA7900EF45FD /* Embed Foundation Extensions */,
			);
			buildRules = (
			);
			dependencies = (
				30696AFF2FADDA7900EF45FD /* PBXTargetDependency */,
			);
			name = 157RilguxilGranslextro;
			productName = 157RilguxilGranslextro;
			productReference = 302040472FA9D1C600A1DCA4 /* 157RilguxilGranslextro.app */;
			productType = "com.apple.product-type.application";
		};
		30696AF82FADDA7900EF45FD /* NotificationServiceExtension */ = {
			isa = PBXNativeTarget;
			buildConfigurationList = 30696B022FADDA7900EF45FD /* Build configuration list for PBXNativeTarget "NotificationServiceExtension" */;
			buildPhases = (
				30696AF52FADDA7900EF45FD /* Sources */,
				30696AF62FADDA7900EF45FD /* Frameworks */,
				30696AF72FADDA7900EF45FD /* Resources */,
			);
			buildRules = (
			);
			dependencies = (
			);
			name = NotificationServiceExtension;
			packageProductDependencies = (
				30696B062FADDA8B00EF45FD /* FirebaseMessaging */,
			);
			productName = NotificationServiceExtension;
			productReference = 30696AF92FADDA7900EF45FD /* NotificationServiceExtension.appex */;
			productType = "com.apple.product-type.app-extension";
		};
/* End PBXNativeTarget section */

/* Begin PBXProject section */
		3020403F2FA9D1C600A1DCA4 /* Project object */ = {
			isa = PBXProject;
			attributes = {
				BuildIndependentTargetsInParallel = 1;
				LastSwiftUpdateCheck = 2640;
				LastUpgradeCheck = 2640;
				TargetAttributes = {
					302040462FA9D1C600A1DCA4 = {
						CreatedOnToolsVersion = 26.4.1;
					};
					30696AF82FADDA7900EF45FD = {
						CreatedOnToolsVersion = 26.4.1;
					};
				};
			};
			buildConfigurationList = 302040422FA9D1C600A1DCA4 /* Build configuration list for PBXProject "157RilguxilGranslextro" */;
			compatibilityVersion = "Xcode 15.0";
			developmentRegion = en;
			hasScannedForEncodings = 0;
			knownRegions = (
				en,
				Base,
			);
			mainGroup = 3020403E2FA9D1C600A1DCA4;
			packageReferences = (
				30696AEF2FADD9C600EF45FD /* XCRemoteSwiftPackageReference "AppsFlyerFramework-Static" */,
				30696AF22FADD9F600EF45FD /* XCRemoteSwiftPackageReference "firebase-ios-sdk" */,
			);
			productRefGroup = 302040482FA9D1C600A1DCA4 /* Products */;
			projectDirPath = "";
			projectRoot = "";
			targets = (
				302040462FA9D1C600A1DCA4 /* 157RilguxilGranslextro */,
				30696AF82FADDA7900EF45FD /* NotificationServiceExtension */,
			);
		};
/* End PBXProject section */

/* Begin PBXResourcesBuildPhase section */
		302040452FA9D1C600A1DCA4 /* Resources */ = {
			isa = PBXResourcesBuildPhase;
			buildActionMask = 2147483647;
			files = (
				302042462FAA5E6200A1DCA4 /* Assets.xcassets in Resources */,
				30697F772FB30B6300EF45FD /* GoogleService-Info.plist in Resources */,
				302042482FAA5E6200A1DCA4 /* LaunchScreen.storyboard in Resources */,
				302042492FAA5E6200A1DCA4 /* Main.storyboard in Resources */,
			);
			runOnlyForDeploymentPostprocessing = 0;
		};
		30696AF72FADDA7900EF45FD /* Resources */ = {
			isa = PBXResourcesBuildPhase;
			buildActionMask = 2147483647;
			files = (
			);
			runOnlyForDeploymentPostprocessing = 0;
		};
/* End PBXResourcesBuildPhase section */

/* Begin PBXShellScriptBuildPhase section */
		BAB452DF1410B98583613845 /* [CP] Check Pods Manifest.lock */ = {
			isa = PBXShellScriptBuildPhase;
			buildActionMask = 2147483647;
			files = (
			);
			inputFileListPaths = (
			);
			inputPaths = (
				"${PODS_PODFILE_DIR_PATH}/Podfile.lock",
				"${PODS_ROOT}/Manifest.lock",
			);
			name = "[CP] Check Pods Manifest.lock";
			outputFileListPaths = (
			);
			outputPaths = (
				"$(DERIVED_FILE_DIR)/Pods-157RilguxilGranslextro-checkManifestLockResult.txt",
			);
			runOnlyForDeploymentPostprocessing = 0;
			shellPath = /bin/sh;
			shellScript = "diff \"${PODS_PODFILE_DIR_PATH}/Podfile.lock\" \"${PODS_ROOT}/Manifest.lock\" > /dev/null\nif [ $? != 0 ] ; then\n    # print error to STDERR\n    echo \"error: The sandbox is not in sync with the Podfile.lock. Run 'pod install' or update your CocoaPods installation.\" >&2\n    exit 1\nfi\n# This output is used by Xcode 'outputs' to avoid re-running this script phase.\necho \"SUCCESS\" > \"${SCRIPT_OUTPUT_FILE_0}\"\n";
			showEnvVarsInLog = 0;
		};
/* End PBXShellScriptBuildPhase section */

/* Begin PBXSourcesBuildPhase section */
		302040432FA9D1C600A1DCA4 /* Sources */ = {
			isa = PBXSourcesBuildPhase;
			buildActionMask = 2147483647;
			files = (
				3020422C2FAA5E6200A1DCA4 /* AppLinks.swift in Sources */,
				3020422D2FAA5E6200A1DCA4 /* LearningModels.swift in Sources */,
				3020422E2FAA5E6200A1DCA4 /* AppStorage.swift in Sources */,
				3020422F2FAA5E6200A1DCA4 /* AppColors.swift in Sources */,
				302042302FAA5E6200A1DCA4 /* AppComponents.swift in Sources */,
				302042312FAA5E6200A1DCA4 /* AppIllustrations.swift in Sources */,
				302042322FAA5E6200A1DCA4 /* FlashcardFlexView.swift in Sources */,
				302042332FAA5E6200A1DCA4 /* FlashcardFlexViewModel.swift in Sources */,
				302042342FAA5E6200A1DCA4 /* KnowledgeGapsView.swift in Sources */,
				302042352FAA5E6200A1DCA4 /* KnowledgeGapsViewModel.swift in Sources */,
				302042362FAA5E6200A1DCA4 /* QuizQuestView.swift in Sources */,
				30696B162FADDA9A00EF45FD /* ConfigManager.swift in Sources */,
				30696B172FADDA9A00EF45FD /* AppsFlyerManager.swift in Sources */,
				30696B182FADDA9A00EF45FD /* WebviewVC.swift in Sources */,
				30696B192FADDA9A00EF45FD /* PushNotificationURLRouter.swift in Sources */,
				30696B1A2FADDA9A00EF45FD /* NetworkAvailability.swift in Sources */,
				30696B1B2FADDA9A00EF45FD /* LoadingView.swift in Sources */,
				30696B1C2FADDA9A00EF45FD /* NotificationPermissionViewController.swift in Sources */,
				30696B1D2FADDA9A00EF45FD /* LoadingManager.swift in Sources */,
				30696B1E2FADDA9A00EF45FD /* LoadingViewController.swift in Sources */,
				30696B1F2FADDA9A00EF45FD /* UserAgentBuilder.swift in Sources */,
				30696B202FADDA9A00EF45FD /* NoInternetView.swift in Sources */,
				30696B212FADDA9A00EF45FD /* NotificationPermissionManager.swift in Sources */,
				30696B222FADDA9A00EF45FD /* NotificationPermissionView.swift in Sources */,
				302042372FAA5E6200A1DCA4 /* QuizQuestViewModel.swift in Sources */,
				302042382FAA5E6200A1DCA4 /* LearnHomeView.swift in Sources */,
				302042392FAA5E6200A1DCA4 /* LearningCardsView.swift in Sources */,
				3020423A2FAA5E6200A1DCA4 /* LearningCardsViewModel.swift in Sources */,
				3020423B2FAA5E6200A1DCA4 /* LearnViewModel.swift in Sources */,
				3020423C2FAA5E6200A1DCA4 /* MainTabContainerView.swift in Sources */,
				3020423D2FAA5E6200A1DCA4 /* OnboardingFlowView.swift in Sources */,
				3020423E2FAA5E6200A1DCA4 /* PracticeHubView.swift in Sources */,
				3020423F2FAA5E6200A1DCA4 /* ProgressDashboardView.swift in Sources */,
				302042402FAA5E6200A1DCA4 /* CompletionResultView.swift in Sources */,
				302042412FAA5E6200A1DCA4 /* SettingsView.swift in Sources */,
				302042422FAA5E6200A1DCA4 /* AppDelegate.swift in Sources */,
				302042432FAA5E6200A1DCA4 /* ContentView.swift in Sources */,
				302042442FAA5E6200A1DCA4 /* SceneDelegate.swift in Sources */,
				302042452FAA5E6200A1DCA4 /* ViewController.swift in Sources */,
			);
			runOnlyForDeploymentPostprocessing = 0;
		};
		30696AF52FADDA7900EF45FD /* Sources */ = {
			isa = PBXSourcesBuildPhase;
			buildActionMask = 2147483647;
			files = (
				30696B272FADDAF800EF45FD /* NotificationService.swift in Sources */,
			);
			runOnlyForDeploymentPostprocessing = 0;
		};
/* End PBXSourcesBuildPhase section */

/* Begin PBXTargetDependency section */
		30696AFF2FADDA7900EF45FD /* PBXTargetDependency */ = {
			isa = PBXTargetDependency;
			target = 30696AF82FADDA7900EF45FD /* NotificationServiceExtension */;
			targetProxy = 30696AFE2FADDA7900EF45FD /* PBXContainerItemProxy */;
		};
/* End PBXTargetDependency section */

/* Begin PBXVariantGroup section */
		302042262FAA5E6200A1DCA4 /* LaunchScreen.storyboard */ = {
			isa = PBXVariantGroup;
			children = (
				302042252FAA5E6200A1DCA4 /* Base */,
			);
			name = LaunchScreen.storyboard;
			sourceTree = "<group>";
		};
		302042282FAA5E6200A1DCA4 /* Main.storyboard */ = {
			isa = PBXVariantGroup;
			children = (
				302042272FAA5E6200A1DCA4 /* Base */,
			);
			name = Main.storyboard;
			sourceTree = "<group>";
		};
/* End PBXVariantGroup section */

/* Begin XCBuildConfiguration section */
		3020405B2FA9D1C800A1DCA4 /* Debug */ = {
			isa = XCBuildConfiguration;
			baseConfigurationReference = 415C33D65AC9604454AC80D9 /* Pods-157RilguxilGranslextro.debug.xcconfig */;
			buildSettings = {
				ASSETCATALOG_COMPILER_APPICON_NAME = AppIcon;
				ASSETCATALOG_COMPILER_GLOBAL_ACCENT_COLOR_NAME = AccentColor;
				CODE_SIGN_ENTITLEMENTS = 157RilguxilGranslextro/157RilguxilGranslextro.entitlements;
				CODE_SIGN_STYLE = Automatic;
				CURRENT_PROJECT_VERSION = 3;
				GENERATE_INFOPLIST_FILE = YES;
				INFOPLIST_FILE = 157RilguxilGranslextro/Info.plist;
				INFOPLIST_KEY_CFBundleDisplayName = "Rilguxil Granslextro";
				INFOPLIST_KEY_UIApplicationSupportsIndirectInputEvents = YES;
				INFOPLIST_KEY_UILaunchStoryboardName = LaunchScreen;
				INFOPLIST_KEY_UIMainStoryboardFile = Main;
				INFOPLIST_KEY_UIRequiresFullScreen = YES;
				INFOPLIST_KEY_UISupportedInterfaceOrientations = "UIInterfaceOrientationLandscapeLeft UIInterfaceOrientationLandscapeRight UIInterfaceOrientationPortrait";
				INFOPLIST_KEY_UISupportedInterfaceOrientations_iPad = UIInterfaceOrientationPortrait;
				IPHONEOS_DEPLOYMENT_TARGET = 17;
				LD_RUNPATH_SEARCH_PATHS = (
					"$(inherited)",
					"@executable_path/Frameworks",
				);
				MARKETING_VERSION = 1.1;
				PRODUCT_BUNDLE_IDENTIFIER = com.hug.r9lg3x9lgr5nsl3xt;
				PRODUCT_NAME = "$(TARGET_NAME)";
				STRING_CATALOG_GENERATE_SYMBOLS = YES;
				SUPPORTED_PLATFORMS = "iphoneos iphonesimulator";
				SUPPORTS_MACCATALYST = NO;
				SUPPORTS_MAC_DESIGNED_FOR_IPHONE_IPAD = NO;
				SUPPORTS_XR_DESIGNED_FOR_IPHONE_IPAD = NO;
				SWIFT_APPROACHABLE_CONCURRENCY = YES;
				SWIFT_DEFAULT_ACTOR_ISOLATION = MainActor;
				SWIFT_EMIT_LOC_STRINGS = YES;
				SWIFT_UPCOMING_FEATURE_MEMBER_IMPORT_VISIBILITY = YES;
				SWIFT_VERSION = 5.0;
				TARGETED_DEVICE_FAMILY = 1;
			};
			name = Debug;
		};
		3020405C2FA9D1C800A1DCA4 /* Release */ = {
			isa = XCBuildConfiguration;
			baseConfigurationReference = 555732784033547067D242AC /* Pods-157RilguxilGranslextro.release.xcconfig */;
			buildSettings = {
				ASSETCATALOG_COMPILER_APPICON_NAME = AppIcon;
				ASSETCATALOG_COMPILER_GLOBAL_ACCENT_COLOR_NAME = AccentColor;
				CODE_SIGN_ENTITLEMENTS = 157RilguxilGranslextro/157RilguxilGranslextro.entitlements;
				CODE_SIGN_STYLE = Automatic;
				CURRENT_PROJECT_VERSION = 3;
				GENERATE_INFOPLIST_FILE = YES;
				INFOPLIST_FILE = 157RilguxilGranslextro/Info.plist;
				INFOPLIST_KEY_CFBundleDisplayName = "Rilguxil Granslextro";
				INFOPLIST_KEY_UIApplicationSupportsIndirectInputEvents = YES;
				INFOPLIST_KEY_UILaunchStoryboardName = LaunchScreen;
				INFOPLIST_KEY_UIMainStoryboardFile = Main;
				INFOPLIST_KEY_UIRequiresFullScreen = YES;
				INFOPLIST_KEY_UISupportedInterfaceOrientations = "UIInterfaceOrientationLandscapeLeft UIInterfaceOrientationLandscapeRight UIInterfaceOrientationPortrait";
				INFOPLIST_KEY_UISupportedInterfaceOrientations_iPad = UIInterfaceOrientationPortrait;
				IPHONEOS_DEPLOYMENT_TARGET = 17;
				LD_RUNPATH_SEARCH_PATHS = (
					"$(inherited)",
					"@executable_path/Frameworks",
				);
				MARKETING_VERSION = 1.1;
				PRODUCT_BUNDLE_IDENTIFIER = com.hug.r9lg3x9lgr5nsl3xt;
				PRODUCT_NAME = "$(TARGET_NAME)";
				STRING_CATALOG_GENERATE_SYMBOLS = YES;
				SUPPORTED_PLATFORMS = "iphoneos iphonesimulator";
				SUPPORTS_MACCATALYST = NO;
				SUPPORTS_MAC_DESIGNED_FOR_IPHONE_IPAD = NO;
				SUPPORTS_XR_DESIGNED_FOR_IPHONE_IPAD = NO;
				SWIFT_APPROACHABLE_CONCURRENCY = YES;
				SWIFT_DEFAULT_ACTOR_ISOLATION = MainActor;
				SWIFT_EMIT_LOC_STRINGS = YES;
				SWIFT_UPCOMING_FEATURE_MEMBER_IMPORT_VISIBILITY = YES;
				SWIFT_VERSION = 5.0;
				TARGETED_DEVICE_FAMILY = 1;
			};
			name = Release;
		};
		3020405D2FA9D1C800A1DCA4 /* Debug */ = {
			isa = XCBuildConfiguration;
			buildSettings = {
				ALWAYS_SEARCH_USER_PATHS = NO;
				ASSETCATALOG_COMPILER_GENERATE_SWIFT_ASSET_SYMBOL_EXTENSIONS = NO;
				CLANG_ANALYZER_NONNULL = YES;
				CLANG_ANALYZER_NUMBER_OBJECT_CONVERSION = YES_AGGRESSIVE;
				CLANG_CXX_LANGUAGE_STANDARD = "gnu++20";
				CLANG_ENABLE_MODULES = YES;
				CLANG_ENABLE_OBJC_ARC = YES;
				CLANG_ENABLE_OBJC_WEAK = YES;
				CLANG_WARN_BLOCK_CAPTURE_AUTORELEASING = YES;
				CLANG_WARN_BOOL_CONVERSION = YES;
				CLANG_WARN_COMMA = YES;
				CLANG_WARN_CONSTANT_CONVERSION = YES;
				CLANG_WARN_DEPRECATED_OBJC_IMPLEMENTATIONS = YES;
				CLANG_WARN_DIRECT_OBJC_ISA_USAGE = YES_ERROR;
				CLANG_WARN_DOCUMENTATION_COMMENTS = YES;
				CLANG_WARN_EMPTY_BODY = YES;
				CLANG_WARN_ENUM_CONVERSION = YES;
				CLANG_WARN_INFINITE_RECURSION = YES;
				CLANG_WARN_INT_CONVERSION = YES;
				CLANG_WARN_NON_LITERAL_NULL_CONVERSION = YES;
				CLANG_WARN_OBJC_IMPLICIT_RETAIN_SELF = YES;
				CLANG_WARN_OBJC_LITERAL_CONVERSION = YES;
				CLANG_WARN_OBJC_ROOT_CLASS = YES_ERROR;
				CLANG_WARN_QUOTED_INCLUDE_IN_FRAMEWORK_HEADER = YES;
				CLANG_WARN_RANGE_LOOP_ANALYSIS = YES;
				CLANG_WARN_STRICT_PROTOTYPES = YES;
				CLANG_WARN_SUSPICIOUS_MOVE = YES;
				CLANG_WARN_UNGUARDED_AVAILABILITY = YES_AGGRESSIVE;
				CLANG_WARN_UNREACHABLE_CODE = YES;
				CLANG_WARN__DUPLICATE_METHOD_MATCH = YES;
				COPY_PHASE_STRIP = NO;
				DEBUG_INFORMATION_FORMAT = dwarf;
				ENABLE_STRICT_OBJC_MSGSEND = YES;
				ENABLE_TESTABILITY = YES;
				ENABLE_USER_SCRIPT_SANDBOXING = YES;
				GCC_C_LANGUAGE_STANDARD = gnu17;
				GCC_DYNAMIC_NO_PIC = NO;
				GCC_NO_COMMON_BLOCKS = YES;
				GCC_OPTIMIZATION_LEVEL = 0;
				GCC_PREPROCESSOR_DEFINITIONS = (
					"DEBUG=1",
					"$(inherited)",
				);
				GCC_WARN_64_TO_32_BIT_CONVERSION = YES;
				GCC_WARN_ABOUT_RETURN_TYPE = YES_ERROR;
				GCC_WARN_UNDECLARED_SELECTOR = YES;
				GCC_WARN_UNINITIALIZED_AUTOS = YES_AGGRESSIVE;
				GCC_WARN_UNUSED_FUNCTION = YES;
				GCC_WARN_UNUSED_VARIABLE = YES;
				IPHONEOS_DEPLOYMENT_TARGET = 16.0;
				LOCALIZATION_PREFERS_STRING_CATALOGS = YES;
				MTL_ENABLE_DEBUG_INFO = INCLUDE_SOURCE;
				MTL_FAST_MATH = YES;
				ONLY_ACTIVE_ARCH = YES;
				SDKROOT = iphoneos;
				SWIFT_ACTIVE_COMPILATION_CONDITIONS = "DEBUG $(inherited)";
				SWIFT_OPTIMIZATION_LEVEL = "-Onone";
			};
			name = Debug;
		};
		3020405E2FA9D1C800A1DCA4 /* Release */ = {
			isa = XCBuildConfiguration;
			buildSettings = {
				ALWAYS_SEARCH_USER_PATHS = NO;
				ASSETCATALOG_COMPILER_GENERATE_SWIFT_ASSET_SYMBOL_EXTENSIONS = NO;
				CLANG_ANALYZER_NONNULL = YES;
				CLANG_ANALYZER_NUMBER_OBJECT_CONVERSION = YES_AGGRESSIVE;
				CLANG_CXX_LANGUAGE_STANDARD = "gnu++20";
				CLANG_ENABLE_MODULES = YES;
				CLANG_ENABLE_OBJC_ARC = YES;
				CLANG_ENABLE_OBJC_WEAK = YES;
				CLANG_WARN_BLOCK_CAPTURE_AUTORELEASING = YES;
				CLANG_WARN_BOOL_CONVERSION = YES;
				CLANG_WARN_COMMA = YES;
				CLANG_WARN_CONSTANT_CONVERSION = YES;
				CLANG_WARN_DEPRECATED_OBJC_IMPLEMENTATIONS = YES;
				CLANG_WARN_DIRECT_OBJC_ISA_USAGE = YES_ERROR;
				CLANG_WARN_DOCUMENTATION_COMMENTS = YES;
				CLANG_WARN_EMPTY_BODY = YES;
				CLANG_WARN_ENUM_CONVERSION = YES;
				CLANG_WARN_INFINITE_RECURSION = YES;
				CLANG_WARN_INT_CONVERSION = YES;
				CLANG_WARN_NON_LITERAL_NULL_CONVERSION = YES;
				CLANG_WARN_OBJC_IMPLICIT_RETAIN_SELF = YES;
				CLANG_WARN_OBJC_LITERAL_CONVERSION = YES;
				CLANG_WARN_OBJC_ROOT_CLASS = YES_ERROR;
				CLANG_WARN_QUOTED_INCLUDE_IN_FRAMEWORK_HEADER = YES;
				CLANG_WARN_RANGE_LOOP_ANALYSIS = YES;
				CLANG_WARN_STRICT_PROTOTYPES = YES;
				CLANG_WARN_SUSPICIOUS_MOVE = YES;
				CLANG_WARN_UNGUARDED_AVAILABILITY = YES_AGGRESSIVE;
				CLANG_WARN_UNREACHABLE_CODE = YES;
				CLANG_WARN__DUPLICATE_METHOD_MATCH = YES;
				COPY_PHASE_STRIP = NO;
				DEBUG_INFORMATION_FORMAT = "dwarf-with-dsym";
				ENABLE_NS_ASSERTIONS = NO;
				ENABLE_STRICT_OBJC_MSGSEND = YES;
				ENABLE_USER_SCRIPT_SANDBOXING = YES;
				GCC_C_LANGUAGE_STANDARD = gnu17;
				GCC_NO_COMMON_BLOCKS = YES;
				GCC_WARN_64_TO_32_BIT_CONVERSION = YES;
				GCC_WARN_ABOUT_RETURN_TYPE = YES_ERROR;
				GCC_WARN_UNDECLARED_SELECTOR = YES;
				GCC_WARN_UNINITIALIZED_AUTOS = YES_AGGRESSIVE;
				GCC_WARN_UNUSED_FUNCTION = YES;
				GCC_WARN_UNUSED_VARIABLE = YES;
				IPHONEOS_DEPLOYMENT_TARGET = 16.0;
				LOCALIZATION_PREFERS_STRING_CATALOGS = YES;
				MTL_ENABLE_DEBUG_INFO = NO;
				MTL_FAST_MATH = YES;
				SDKROOT = iphoneos;
				SWIFT_COMPILATION_MODE = wholemodule;
				VALIDATE_PRODUCT = YES;
			};
			name = Release;
		};
		30696B032FADDA7900EF45FD /* Debug */ = {
			isa = XCBuildConfiguration;
			buildSettings = {
				ASSETCATALOG_COMPILER_GENERATE_SWIFT_ASSET_SYMBOL_EXTENSIONS = YES;
				CODE_SIGN_STYLE = Automatic;
				CURRENT_PROJECT_VERSION = 3;
				GENERATE_INFOPLIST_FILE = YES;
				INFOPLIST_FILE = NotificationServiceExtension/Info.plist;
				INFOPLIST_KEY_CFBundleDisplayName = NotificationServiceExtension;
				INFOPLIST_KEY_NSHumanReadableCopyright = "";
				IPHONEOS_DEPLOYMENT_TARGET = 17;
				LD_RUNPATH_SEARCH_PATHS = (
					"$(inherited)",
					"@executable_path/Frameworks",
					"@executable_path/../../Frameworks",
				);
				MARKETING_VERSION = 1.1;
				PRODUCT_BUNDLE_IDENTIFIER = com.hug.r9lg3x9lgr5nsl3xt.NotificationServiceExtension;
				PRODUCT_NAME = "$(TARGET_NAME)";
				SKIP_INSTALL = YES;
				STRING_CATALOG_GENERATE_SYMBOLS = YES;
				SUPPORTED_PLATFORMS = "iphoneos iphonesimulator";
				SUPPORTS_MACCATALYST = NO;
				SUPPORTS_MAC_DESIGNED_FOR_IPHONE_IPAD = NO;
				SUPPORTS_XR_DESIGNED_FOR_IPHONE_IPAD = NO;
				SWIFT_APPROACHABLE_CONCURRENCY = YES;
				SWIFT_EMIT_LOC_STRINGS = YES;
				SWIFT_UPCOMING_FEATURE_MEMBER_IMPORT_VISIBILITY = YES;
				SWIFT_VERSION = 5.0;
				TARGETED_DEVICE_FAMILY = 1;
			};
			name = Debug;
		};
		30696B042FADDA7900EF45FD /* Release */ = {
			isa = XCBuildConfiguration;
			buildSettings = {
				ASSETCATALOG_COMPILER_GENERATE_SWIFT_ASSET_SYMBOL_EXTENSIONS = YES;
				CODE_SIGN_STYLE = Automatic;
				CURRENT_PROJECT_VERSION = 3;
				GENERATE_INFOPLIST_FILE = YES;
				INFOPLIST_FILE = NotificationServiceExtension/Info.plist;
				INFOPLIST_KEY_CFBundleDisplayName = NotificationServiceExtension;
				INFOPLIST_KEY_NSHumanReadableCopyright = "";
				IPHONEOS_DEPLOYMENT_TARGET = 17;
				LD_RUNPATH_SEARCH_PATHS = (
					"$(inherited)",
					"@executable_path/Frameworks",
					"@executable_path/../../Frameworks",
				);
				MARKETING_VERSION = 1.1;
				PRODUCT_BUNDLE_IDENTIFIER = com.hug.r9lg3x9lgr5nsl3xt.NotificationServiceExtension;
				PRODUCT_NAME = "$(TARGET_NAME)";
				SKIP_INSTALL = YES;
				STRING_CATALOG_GENERATE_SYMBOLS = YES;
				SUPPORTED_PLATFORMS = "iphoneos iphonesimulator";
				SUPPORTS_MACCATALYST = NO;
				SUPPORTS_MAC_DESIGNED_FOR_IPHONE_IPAD = NO;
				SUPPORTS_XR_DESIGNED_FOR_IPHONE_IPAD = NO;
				SWIFT_APPROACHABLE_CONCURRENCY = YES;
				SWIFT_EMIT_LOC_STRINGS = YES;
				SWIFT_UPCOMING_FEATURE_MEMBER_IMPORT_VISIBILITY = YES;
				SWIFT_VERSION = 5.0;
				TARGETED_DEVICE_FAMILY = 1;
			};
			name = Release;
		};
/* End XCBuildConfiguration section */

/* Begin XCConfigurationList section */
		302040422FA9D1C600A1DCA4 /* Build configuration list for PBXProject "157RilguxilGranslextro" */ = {
			isa = XCConfigurationList;
			buildConfigurations = (
				3020405D2FA9D1C800A1DCA4 /* Debug */,
				3020405E2FA9D1C800A1DCA4 /* Release */,
			);
			defaultConfigurationIsVisible = 0;
			defaultConfigurationName = Release;
		};
		3020405A2FA9D1C800A1DCA4 /* Build configuration list for PBXNativeTarget "157RilguxilGranslextro" */ = {
			isa = XCConfigurationList;
			buildConfigurations = (
				3020405B2FA9D1C800A1DCA4 /* Debug */,
				3020405C2FA9D1C800A1DCA4 /* Release */,
			);
			defaultConfigurationIsVisible = 0;
			defaultConfigurationName = Release;
		};
		30696B022FADDA7900EF45FD /* Build configuration list for PBXNativeTarget "NotificationServiceExtension" */ = {
			isa = XCConfigurationList;
			buildConfigurations = (
				30696B032FADDA7900EF45FD /* Debug */,
				30696B042FADDA7900EF45FD /* Release */,
			);
			defaultConfigurationIsVisible = 0;
			defaultConfigurationName = Release;
		};
/* End XCConfigurationList section */

/* Begin XCRemoteSwiftPackageReference section */
		30696AEF2FADD9C600EF45FD /* XCRemoteSwiftPackageReference "AppsFlyerFramework-Static" */ = {
			isa = XCRemoteSwiftPackageReference;
			repositoryURL = "https://github.com/AppsFlyerSDK/AppsFlyerFramework-Static";
			requirement = {
				kind = upToNextMajorVersion;
				minimumVersion = 6.18.0;
			};
		};
		30696AF22FADD9F600EF45FD /* XCRemoteSwiftPackageReference "firebase-ios-sdk" */ = {
			isa = XCRemoteSwiftPackageReference;
			repositoryURL = "https://github.com/firebase/firebase-ios-sdk";
			requirement = {
				kind = upToNextMajorVersion;
				minimumVersion = 12.13.0;
			};
		};
/* End XCRemoteSwiftPackageReference section */

/* Begin XCSwiftPackageProductDependency section */
		30696AF02FADD9C600EF45FD /* AppsFlyerLib-Static */ = {
			isa = XCSwiftPackageProductDependency;
			package = 30696AEF2FADD9C600EF45FD /* XCRemoteSwiftPackageReference "AppsFlyerFramework-Static" */;
			productName = "AppsFlyerLib-Static";
		};
		30696AF32FADD9F600EF45FD /* FirebaseMessaging */ = {
			isa = XCSwiftPackageProductDependency;
			package = 30696AF22FADD9F600EF45FD /* XCRemoteSwiftPackageReference "firebase-ios-sdk" */;
			productName = FirebaseMessaging;
		};
		30696B062FADDA8B00EF45FD /* FirebaseMessaging */ = {
			isa = XCSwiftPackageProductDependency;
			package = 30696AF22FADD9F600EF45FD /* XCRemoteSwiftPackageReference "firebase-ios-sdk" */;
			productName = FirebaseMessaging;
		};
/* End XCSwiftPackageProductDependency section */
	};
	rootObject = 3020403F2FA9D1C600A1DCA4 /* Project object */;
}
